# Auto-generated by mcpp. Do not edit by hand.
version = 2

[package."mbun.jsc-prebuilt"]
namespace = "mbun"
version = "20260706"
source  = "index+mbun@20260706"
hash    = "fnv1a:d8c3030974c69dcc"

[package."mbun.openssl"]
namespace = "mbun"
version = "3.1.5+mbun.3"
source  = "index+mbun@3.1.5+mbun.3"
hash    = "fnv1a:fa1c0b1f72cd6568"

